{
    "_readme": [
        "This file locks the dependencies of your project to a known state",
        "Read more about it at https://getcomposer.org/doc/01-basic-usage.md#installing-dependencies",
        "This file is @generated automatically"
    ],
    "content-hash": "0173a5d2b48587b02756ae0c88e348c4",
    "packages": [
        {
            "name": "galbar/jsonpath",
            "version": "dev-master",
            "source": {
                "type": "git",
                "url": "https://github.com/Galbar/JsonPath-PHP.git",
                "reference": "36d3ac57b1a62ff507d7751d797a9e03ffbd1385"
            },
            "dist": {
                "type": "zip",
                "url": "https://api.github.com/repos/Galbar/JsonPath-PHP/zipball/36d3ac57b1a62ff507d7751d797a9e03ffbd1385",
                "reference": "36d3ac57b1a62ff507d7751d797a9e03ffbd1385",
                "shasum": ""
            },
            "require": {
                "php": ">=5.4"
            },
            "require-dev": {
                "phpunit/phpunit": "~4.0",
                "sami/sami": ">=3.3.0",
                "satooshi/php-coveralls": ">=1.0.1"
            },
            "type": "library",
            "autoload": {
                "psr-0": {
                    "JsonPath\\": "src/Galbar/",
                    "Utilities\\": "src/Galbar/"
                }
            },
            "notification-url": "https://packagist.org/downloads/",
            "license": [
                "Apache-2.0"
            ],
            "authors": [
                {
                    "name": "Alessio Linares",
                    "email": "alessio@alessio.cc",
                    "role": "Software Engineer"
                }
            ],
            "description": "JSONPath implementation for querying and updating JSON objects",
            "keywords": [
                "json",
                "jsonpath",
                "path"
            ],
            "time": "2020-06-01T15:18:22+00:00"
        },
        {
            "name": "softcreatr/jsonpath",
            "version": "0.7.3",
            "source": {
                "type": "git",
                "url": "https://github.com/SoftCreatR/JSONPath.git",
                "reference": "e3ae75112a5247e3b27a7e0e72155eae261d8c72"
            },
            "dist": {
                "type": "zip",
                "url": "https://api.github.com/repos/SoftCreatR/JSONPath/zipball/e3ae75112a5247e3b27a7e0e72155eae261d8c72",
                "reference": "e3ae75112a5247e3b27a7e0e72155eae261d8c72",
                "shasum": ""
            },
            "require": {
                "ext-json": "*",
                "php": ">=7.1"
            },
            "conflict": {
                "phpunit/phpunit": "<7.0 || >= 10.0"
            },
            "replace": {
                "flow/jsonpath": "*"
            },
            "require-dev": {
                "phpunit/phpunit": ">=7.0",
                "roave/security-advisories": "dev-master",
                "squizlabs/php_codesniffer": "^3.5"
            },
            "type": "library",
            "autoload": {
                "psr-4": {
                    "Flow\\JSONPath\\": "src/"
                }
            },
            "notification-url": "https://packagist.org/downloads/",
            "license": [
                "MIT"
            ],
            "authors": [
                {
                    "name": "Stephen Frank",
                    "email": "stephen@flowsa.com",
                    "homepage": "https://prismaticbytes.com",
                    "role": "Developer"
                },
                {
                    "name": "Sascha Greuel",
                    "email": "hello@1-2.dev",
                    "homepage": "http://1-2.dev",
                    "role": "Developer"
                }
            ],
            "description": "JSONPath implementation for parsing, searching and flattening arrays",
            "funding": [
                {
                    "url": "https://github.com/softcreatr",
                    "type": "github"
                }
            ],
            "time": "2021-03-08T14:18:21+00:00"
        }
    ],
    "packages-dev": [],
    "aliases": [],
    "minimum-stability": "stable",
    "stability-flags": {
        "galbar/jsonpath": 20
    },
    "prefer-stable": false,
    "prefer-lowest": false,
    "platform": [],
    "platform-dev": [],
    "plugin-api-version": "1.1.0"
}
